
Microsoft Visual Studio Solution File, Format Version 12.00
# Visual Studio Version 16
VisualStudioVersion = 16.0.29920.165
MinimumVisualStudioVersion = 10.0.40219.1
Project("{9A19103F-16F7-4668-BE54-9A1E7A4F7556}") = "ICOContract", "ICOContract\ICOContract.csproj", "{5A9239B7-6AB3-40AC-BC6A-42B6F6E7FE76}"
EndProject
Project("{9A19103F-16F7-4668-BE54-9A1E7A4F7556}") = "ICOContract.Tests", "ICOContract.Tests\ICOContract.Tests.csproj", "{658848FE-FF0B-43CE-8B58-96CCAD85CD8E}"
EndProject
Global
	GlobalSection(SolutionConfigurationPlatforms) = preSolution
		Debug|Any CPU = Debug|Any CPU
		Release|Any CPU = Release|Any CPU
	EndGlobalSection
	GlobalSection(ProjectConfigurationPlatforms) = postSolution
		{5A9239B7-6AB3-40AC-BC6A-42B6F6E7FE76}.Debug|Any CPU.ActiveCfg = Debug|Any CPU
		{5A9239B7-6AB3-40AC-BC6A-42B6F6E7FE76}.Debug|Any CPU.Build.0 = Debug|Any CPU
		{5A9239B7-6AB3-40AC-BC6A-42B6F6E7FE76}.Release|Any CPU.ActiveCfg = Release|Any CPU
		{5A9239B7-6AB3-40AC-BC6A-42B6F6E7FE76}.Release|Any CPU.Build.0 = Release|Any CPU
		{658848FE-FF0B-43CE-8B58-96CCAD85CD8E}.Debug|Any CPU.ActiveCfg = Debug|Any CPU
		{658848FE-FF0B-43CE-8B58-96CCAD85CD8E}.Debug|Any CPU.Build.0 = Debug|Any CPU
		{658848FE-FF0B-43CE-8B58-96CCAD85CD8E}.Release|Any CPU.ActiveCfg = Release|Any CPU
		{658848FE-FF0B-43CE-8B58-96CCAD85CD8E}.Release|Any CPU.Build.0 = Release|Any CPU
	EndGlobalSection
	GlobalSection(SolutionProperties) = preSolution
		HideSolutionNode = FALSE
	EndGlobalSection
	GlobalSection(ExtensibilityGlobals) = postSolution
		SolutionGuid = {91890BE7-62E8-4268-ADB3-2AD475A31C1E}
	EndGlobalSection
EndGlobal
