
Microsoft Visual Studio Solution File, Format Version 12.00
# Visual Studio Version 16
VisualStudioVersion = 16.0.29201.188
MinimumVisualStudioVersion = 10.0.40219.1
Project("{9A19103F-16F7-4668-BE54-9A1E7A4F7556}") = "InterFluxNonFungibleTokenContract", "InterFluxNonFungibleToken\InterFluxNonFungibleTokenContract.csproj", "{D64B8959-5CC0-43D4-99B7-E07481222B5D}"
EndProject
Project("{9A19103F-16F7-4668-BE54-9A1E7A4F7556}") = "InterFluxNonFungibleTokenContract.Tests", "InterFluxNonFungibleToken.Tests\InterFluxNonFungibleTokenContract.Tests.csproj", "{855863D4-4F60-47D0-AD2A-164749950614}"
EndProject
Global
	GlobalSection(SolutionConfigurationPlatforms) = preSolution
		Debug|Any CPU = Debug|Any CPU
		Release|Any CPU = Release|Any CPU
	EndGlobalSection
	GlobalSection(ProjectConfigurationPlatforms) = postSolution
		{D64B8959-5CC0-43D4-99B7-E07481222B5D}.Debug|Any CPU.ActiveCfg = Debug|Any CPU
		{D64B8959-5CC0-43D4-99B7-E07481222B5D}.Debug|Any CPU.Build.0 = Debug|Any CPU
		{D64B8959-5CC0-43D4-99B7-E07481222B5D}.Release|Any CPU.ActiveCfg = Release|Any CPU
		{D64B8959-5CC0-43D4-99B7-E07481222B5D}.Release|Any CPU.Build.0 = Release|Any CPU
		{855863D4-4F60-47D0-AD2A-164749950614}.Debug|Any CPU.ActiveCfg = Debug|Any CPU
		{855863D4-4F60-47D0-AD2A-164749950614}.Debug|Any CPU.Build.0 = Debug|Any CPU
		{855863D4-4F60-47D0-AD2A-164749950614}.Release|Any CPU.ActiveCfg = Release|Any CPU
		{855863D4-4F60-47D0-AD2A-164749950614}.Release|Any CPU.Build.0 = Release|Any CPU
	EndGlobalSection
	GlobalSection(SolutionProperties) = preSolution
		HideSolutionNode = FALSE
	EndGlobalSection
	GlobalSection(ExtensibilityGlobals) = postSolution
		SolutionGuid = {70BE9CE1-C24C-48EC-861C-D3FDEA2628FD}
	EndGlobalSection
EndGlobal
