
Microsoft Visual Studio Solution File, Format Version 12.00
# Visual Studio Version 16
VisualStudioVersion = 16.0.30717.126
MinimumVisualStudioVersion = 10.0.40219.1
Project("{9A19103F-16F7-4668-BE54-9A1E7A4F7556}") = "AddressMapper", "AddressMapper\AddressMapper.csproj", "{C871D890-0584-478D-A44A-8ED4238C4F0C}"
EndProject
Project("{9A19103F-16F7-4668-BE54-9A1E7A4F7556}") = "AddressMapper.Tests", "AddressMapper.Tests\AddressMapper.Tests.csproj", "{10A8A0C0-33C1-443F-ADBC-8384D9422084}"
EndProject
Global
	GlobalSection(SolutionConfigurationPlatforms) = preSolution
		Debug|Any CPU = Debug|Any CPU
		Release|Any CPU = Release|Any CPU
	EndGlobalSection
	GlobalSection(ProjectConfigurationPlatforms) = postSolution
		{C871D890-0584-478D-A44A-8ED4238C4F0C}.Debug|Any CPU.ActiveCfg = Debug|Any CPU
		{C871D890-0584-478D-A44A-8ED4238C4F0C}.Debug|Any CPU.Build.0 = Debug|Any CPU
		{C871D890-0584-478D-A44A-8ED4238C4F0C}.Release|Any CPU.ActiveCfg = Release|Any CPU
		{C871D890-0584-478D-A44A-8ED4238C4F0C}.Release|Any CPU.Build.0 = Release|Any CPU
		{10A8A0C0-33C1-443F-ADBC-8384D9422084}.Debug|Any CPU.ActiveCfg = Debug|Any CPU
		{10A8A0C0-33C1-443F-ADBC-8384D9422084}.Debug|Any CPU.Build.0 = Debug|Any CPU
		{10A8A0C0-33C1-443F-ADBC-8384D9422084}.Release|Any CPU.ActiveCfg = Release|Any CPU
		{10A8A0C0-33C1-443F-ADBC-8384D9422084}.Release|Any CPU.Build.0 = Release|Any CPU
	EndGlobalSection
	GlobalSection(SolutionProperties) = preSolution
		HideSolutionNode = FALSE
	EndGlobalSection
	GlobalSection(ExtensibilityGlobals) = postSolution
		SolutionGuid = {ACF1398E-ABC5-4F33-8FFC-77012A0C884D}
	EndGlobalSection
EndGlobal
