
Microsoft Visual Studio Solution File, Format Version 12.00
# Visual Studio Version 17
VisualStudioVersion = 17.3.32901.215
MinimumVisualStudioVersion = 10.0.40219.1
Project("{9A19103F-16F7-4668-BE54-9A1E7A4F7556}") = "MintableTokenInvoice", "MintableTokenInvoice\MintableTokenInvoice.csproj", "{323557EA-5B42-4E72-8E83-948084595898}"
EndProject
Project("{9A19103F-16F7-4668-BE54-9A1E7A4F7556}") = "MintableTokenInvoice.Tests", "MintableTokenInvoice.Tests\MintableTokenInvoice.Tests.csproj", "{9F6CE3D7-0AD9-425E-8EDE-998F4CAF3716}"
EndProject
Project("{9A19103F-16F7-4668-BE54-9A1E7A4F7556}") = "Stratis.SmartContracts.CLR", "..\..\..\StratisFullNode-1\src\Stratis.SmartContracts.CLR\Stratis.SmartContracts.CLR.csproj", "{1966EF54-4233-41F6-986C-190194ED5B52}"
EndProject
Project("{9A19103F-16F7-4668-BE54-9A1E7A4F7556}") = "Stratis.SCL", "..\..\..\StratisFullNode-1\src\Stratis.SCL\Stratis.SCL.csproj", "{46AE3DB3-9B96-4B89-811D-1E8AC63F1135}"
EndProject
Global
	GlobalSection(SolutionConfigurationPlatforms) = preSolution
		Debug|Any CPU = Debug|Any CPU
		Release|Any CPU = Release|Any CPU
	EndGlobalSection
	GlobalSection(ProjectConfigurationPlatforms) = postSolution
		{323557EA-5B42-4E72-8E83-948084595898}.Debug|Any CPU.ActiveCfg = Debug|Any CPU
		{323557EA-5B42-4E72-8E83-948084595898}.Debug|Any CPU.Build.0 = Debug|Any CPU
		{323557EA-5B42-4E72-8E83-948084595898}.Release|Any CPU.ActiveCfg = Release|Any CPU
		{323557EA-5B42-4E72-8E83-948084595898}.Release|Any CPU.Build.0 = Release|Any CPU
		{9F6CE3D7-0AD9-425E-8EDE-998F4CAF3716}.Debug|Any CPU.ActiveCfg = Debug|Any CPU
		{9F6CE3D7-0AD9-425E-8EDE-998F4CAF3716}.Debug|Any CPU.Build.0 = Debug|Any CPU
		{9F6CE3D7-0AD9-425E-8EDE-998F4CAF3716}.Release|Any CPU.ActiveCfg = Release|Any CPU
		{9F6CE3D7-0AD9-425E-8EDE-998F4CAF3716}.Release|Any CPU.Build.0 = Release|Any CPU
		{1966EF54-4233-41F6-986C-190194ED5B52}.Debug|Any CPU.ActiveCfg = Debug|Any CPU
		{1966EF54-4233-41F6-986C-190194ED5B52}.Debug|Any CPU.Build.0 = Debug|Any CPU
		{1966EF54-4233-41F6-986C-190194ED5B52}.Release|Any CPU.ActiveCfg = Release|Any CPU
		{1966EF54-4233-41F6-986C-190194ED5B52}.Release|Any CPU.Build.0 = Release|Any CPU
		{46AE3DB3-9B96-4B89-811D-1E8AC63F1135}.Debug|Any CPU.ActiveCfg = Debug|Any CPU
		{46AE3DB3-9B96-4B89-811D-1E8AC63F1135}.Debug|Any CPU.Build.0 = Debug|Any CPU
		{46AE3DB3-9B96-4B89-811D-1E8AC63F1135}.Release|Any CPU.ActiveCfg = Release|Any CPU
		{46AE3DB3-9B96-4B89-811D-1E8AC63F1135}.Release|Any CPU.Build.0 = Release|Any CPU
	EndGlobalSection
	GlobalSection(SolutionProperties) = preSolution
		HideSolutionNode = FALSE
	EndGlobalSection
	GlobalSection(ExtensibilityGlobals) = postSolution
		SolutionGuid = {1E2C5ABC-4F7B-4E76-A1B5-662A56FBC1D2}
	EndGlobalSection
EndGlobal
