
Microsoft Visual Studio Solution File, Format Version 12.00
# Visual Studio Version 17
VisualStudioVersion = 17.4.33403.182
MinimumVisualStudioVersion = 10.0.40219.1
Project("{9A19103F-16F7-4668-BE54-9A1E7A4F7556}") = "TokenWithdrawal", "TokenWithdrawal\TokenWithdrawal.csproj", "{1B17F6BC-35B9-4597-A3D0-26DA453DFFF4}"
EndProject
Global
	GlobalSection(SolutionConfigurationPlatforms) = preSolution
		Debug|Any CPU = Debug|Any CPU
		Release|Any CPU = Release|Any CPU
	EndGlobalSection
	GlobalSection(ProjectConfigurationPlatforms) = postSolution
		{1B17F6BC-35B9-4597-A3D0-26DA453DFFF4}.Debug|Any CPU.ActiveCfg = Debug|Any CPU
		{1B17F6BC-35B9-4597-A3D0-26DA453DFFF4}.Debug|Any CPU.Build.0 = Debug|Any CPU
		{1B17F6BC-35B9-4597-A3D0-26DA453DFFF4}.Release|Any CPU.ActiveCfg = Release|Any CPU
		{1B17F6BC-35B9-4597-A3D0-26DA453DFFF4}.Release|Any CPU.Build.0 = Release|Any CPU
	EndGlobalSection
	GlobalSection(SolutionProperties) = preSolution
		HideSolutionNode = FALSE
	EndGlobalSection
	GlobalSection(ExtensibilityGlobals) = postSolution
		SolutionGuid = {1E2C5ABC-4F7B-4E76-A1B5-662A56FBC1D2}
	EndGlobalSection
EndGlobal
